<?xml version="1.0" encoding="utf-8"?>
<Project ToolsVersion="4.0" xmlns="http://schemas.microsoft.com/developer/msbuild/2003">
  <ItemGroup>
    <Filter Include="Source Files">
      <UniqueIdentifier>{4FC737F1-C7A5-4376-A066-2A32D752A2FF}</UniqueIdentifier>
      <Extensions>cpp;c;cc;cxx;def;odl;idl;hpj;bat;asm;asmx</Extensions>
    </Filter>
    <Filter Include="Header Files">
      <UniqueIdentifier>{93995380-89BD-4b04-88EB-625FBE52EBFB}</UniqueIdentifier>
      <Extensions>h;hpp;hxx;hm;inl;inc;xsd</Extensions>
    </Filter>
    <Filter Include="Resource Files">
      <UniqueIdentifier>{67DA6AB6-F800-4c08-8B7A-83BB121AAD01}</UniqueIdentifier>
      <Extensions>rc;ico;cur;bmp;dlg;rc2;rct;bin;rgs;gif;jpg;jpeg;jpe;resx;tiff;tif;png;wav;mfcribbon-ms</Extensions>
    </Filter>
    <Filter Include="Source Files\core">
      <UniqueIdentifier>{799fe18f-7038-49b4-9f62-af80c09872c8}</UniqueIdentifier>
    </Filter>
    <Filter Include="Source Files\display">
      <UniqueIdentifier>{7c902d5b-cdd4-413d-846a-a1f20dbaf41a}</UniqueIdentifier>
    </Filter>
    <Filter Include="Header Files\core">
      <UniqueIdentifier>{548c7947-ce4a-409c-bcd7-cb455085c464}</UniqueIdentifier>
    </Filter>
    <Filter Include="Header Files\display">
      <UniqueIdentifier>{8081fd3a-4495-4628-a055-d0091f80983e}</UniqueIdentifier>
    </Filter>
    <Filter Include="Header Files\resource">
      <UniqueIdentifier>{bebe4b21-9d8e-4b5f-8d69-2732445bf235}</UniqueIdentifier>
    </Filter>
    <Filter Include="Source Files\resource">
      <UniqueIdentifier>{3f5fbb42-06e2-4eeb-8496-994d9cfc00f3}</UniqueIdentifier>
    </Filter>
    <Filter Include="Header Files\state">
      <UniqueIdentifier>{5cbb2d84-51e5-4077-bd29-adf738095229}</UniqueIdentifier>
    </Filter>
    <Filter Include="Source Files\state">
      <UniqueIdentifier>{837bb4b9-249a-4870-85da-7832641aa478}</UniqueIdentifier>
    </Filter>
  </ItemGroup>
  <ItemGroup>
    <ClInclude Include="..\src\core\Game.h">
      <Filter>Header Files\core</Filter>
    </ClInclude>
    <ClInclude Include="..\src\resource\GameResource.h">
      <Filter>Header Files\resource</Filter>
    </ClInclude>
    <ClInclude Include="..\src\display\AircraftFighter.h">
      <Filter>Header Files\display</Filter>
    </ClInclude>
    <ClInclude Include="..\src\state\FightState.h">
      <Filter>Header Files\state</Filter>
    </ClInclude>
    <ClInclude Include="..\src\state\MenuState.h">
      <Filter>Header Files\state</Filter>
    </ClInclude>
    <ClInclude Include="..\src\state\State.h">
      <Filter>Header Files\state</Filter>
    </ClInclude>
    <ClInclude Include="..\src\display\FightStage.h">
      <Filter>Header Files\display</Filter>
    </ClInclude>
    <ClInclude Include="..\src\display\Rocket.h">
      <Filter>Header Files\display</Filter>
    </ClInclude>
    <ClInclude Include="..\src\display\Unit.h">
      <Filter>Header Files\display</Filter>
    </ClInclude>
    <ClInclude Include="..\src\display\Obstacle.h">
      <Filter>Header Files\display</Filter>
    </ClInclude>
    <ClInclude Include="..\src\display\Pickup.h">
      <Filter>Header Files\display</Filter>
    </ClInclude>
  </ItemGroup>
  <ItemGroup>
    <ClCompile Include="..\src\core\Game.cpp">
      <Filter>Source Files\core</Filter>
    </ClCompile>
    <ClCompile Include="..\src\main.cpp">
      <Filter>Source Files</Filter>
    </ClCompile>
    <ClCompile Include="..\src\resource\GameResource.cpp">
      <Filter>Source Files\resource</Filter>
    </ClCompile>
    <ClCompile Include="..\src\state\FightState.cpp">
      <Filter>Source Files\state</Filter>
    </ClCompile>
    <ClCompile Include="..\src\state\MenuState.cpp">
      <Filter>Source Files\state</Filter>
    </ClCompile>
    <ClCompile Include="..\src\state\State.cpp">
      <Filter>Source Files\state</Filter>
    </ClCompile>
    <ClCompile Include="..\src\display\FightStage.cpp">
      <Filter>Source Files\display</Filter>
    </ClCompile>
    <ClCompile Include="..\src\display\AircraftFighter.cpp">
      <Filter>Source Files\display</Filter>
    </ClCompile>
    <ClCompile Include="..\src\display\Rocket.cpp">
      <Filter>Source Files\display</Filter>
    </ClCompile>
    <ClCompile Include="..\src\display\Unit.cpp">
      <Filter>Source Files\display</Filter>
    </ClCompile>
    <ClCompile Include="..\src\display\Obstacle.cpp">
      <Filter>Source Files\display</Filter>
    </ClCompile>
    <ClCompile Include="..\src\display\Pickup.cpp">
      <Filter>Source Files\display</Filter>
    </ClCompile>
  </ItemGroup>
</Project>